<?xml version="1.0" encoding="utf-8"?>
<Project ToolsVersion="4.0" xmlns="http://schemas.microsoft.com/developer/msbuild/2003">
  <ItemGroup>
    <Filter Include="Pliki źródłowe">
      <UniqueIdentifier>{4FC737F1-C7A5-4376-A066-2A32D752A2FF}</UniqueIdentifier>
      <Extensions>cpp;c;cc;cxx;c++;cppm;ixx;def;odl;idl;hpj;bat;asm;asmx</Extensions>
    </Filter>
    <Filter Include="Pliki nagłówkowe">
      <UniqueIdentifier>{93995380-89BD-4b04-88EB-625FBE52EBFB}</UniqueIdentifier>
      <Extensions>h;hh;hpp;hxx;h++;hm;inl;inc;ipp;xsd</Extensions>
    </Filter>
    <Filter Include="Pliki zasobów">
      <UniqueIdentifier>{67DA6AB6-F800-4c08-8B7A-83BB121AAD01}</UniqueIdentifier>
      <Extensions>rc;ico;cur;bmp;dlg;rc2;rct;bin;rgs;gif;jpg;jpeg;jpe;resx;tiff;tif;png;wav;mfcribbon-ms</Extensions>
    </Filter>
    <Filter Include="Pliki nagłówkowe\Neural network components">
      <UniqueIdentifier>{6778732f-dae1-4313-bc9e-863c9f1f5cac}</UniqueIdentifier>
    </Filter>
    <Filter Include="Pliki nagłówkowe\File I/O">
      <UniqueIdentifier>{3d419251-b90d-424a-a773-319a7e4f7f58}</UniqueIdentifier>
    </Filter>
    <Filter Include="Pliki nagłówkowe\Component makers">
      <UniqueIdentifier>{1b6fce27-7796-470a-9f86-a4ceb04a3cba}</UniqueIdentifier>
    </Filter>
  </ItemGroup>
  <ItemGroup>
    <ClCompile Include="data_preprocessor.cpp">
      <Filter>Pliki źródłowe</Filter>
    </ClCompile>
    <ClCompile Include="csv_loader.cpp">
      <Filter>Pliki źródłowe</Filter>
    </ClCompile>
    <ClCompile Include="data_structures.h">
      <Filter>Pliki nagłówkowe</Filter>
    </ClCompile>
    <ClCompile Include="neural_network.cpp">
      <Filter>Pliki źródłowe</Filter>
    </ClCompile>
    <ClCompile Include="nn_components.cpp">
      <Filter>Pliki źródłowe</Filter>
    </ClCompile>
    <ClCompile Include="neural_network.h">
      <Filter>Pliki nagłówkowe</Filter>
    </ClCompile>
    <ClCompile Include="layer_maker.h">
      <Filter>Pliki nagłówkowe\Component makers</Filter>
    </ClCompile>
  </ItemGroup>
  <ItemGroup>
    <ClInclude Include="data_preprocessor.h">
      <Filter>Pliki nagłówkowe</Filter>
    </ClInclude>
    <ClInclude Include="activation_functions.h">
      <Filter>Pliki nagłówkowe\Neural network components</Filter>
    </ClInclude>
    <ClInclude Include="loss_functions.h">
      <Filter>Pliki nagłówkowe\Neural network components</Filter>
    </ClInclude>
    <ClInclude Include="layers.h">
      <Filter>Pliki nagłówkowe\Neural network components</Filter>
    </ClInclude>
    <ClInclude Include="json.hpp">
      <Filter>Pliki nagłówkowe\File I/O</Filter>
    </ClInclude>
    <ClInclude Include="csv_loader.h">
      <Filter>Pliki nagłówkowe\File I/O</Filter>
    </ClInclude>
    <ClInclude Include="loss_func_maker.h">
      <Filter>Pliki nagłówkowe\Component makers</Filter>
    </ClInclude>
  </ItemGroup>
  <ItemGroup>
    <None Include="StudentPerformanceFactors.csv">
      <Filter>Pliki zasobów</Filter>
    </None>
  </ItemGroup>
</Project>